Microsoft Visual Studio Solution File, Format Version 12.00
# Visual Studio Version 17
VisualStudioVersion = 17.5.2.0
MinimumVisualStudioVersion = 10.0.40219.1
Project("{FAE04EC0-301F-11D3-BF4B-00C04F79EFBC}") = "batallasPokemon", "batallasPokemon.csproj", "{5BC9C42A-E478-E7C0-93D2-C8AD3FCAC1BC}"
EndProject
Global
	GlobalSection(SolutionConfigurationPlatforms) = preSolution
		Debug|Any CPU = Debug|Any CPU
		Release|Any CPU = Release|Any CPU
	EndGlobalSection
	GlobalSection(ProjectConfigurationPlatforms) = postSolution
		{5BC9C42A-E478-E7C0-93D2-C8AD3FCAC1BC}.Debug|Any CPU.ActiveCfg = Debug|Any CPU
		{5BC9C42A-E478-E7C0-93D2-C8AD3FCAC1BC}.Debug|Any CPU.Build.0 = Debug|Any CPU
		{5BC9C42A-E478-E7C0-93D2-C8AD3FCAC1BC}.Release|Any CPU.ActiveCfg = Release|Any CPU
		{5BC9C42A-E478-E7C0-93D2-C8AD3FCAC1BC}.Release|Any CPU.Build.0 = Release|Any CPU
	EndGlobalSection
	GlobalSection(SolutionProperties) = preSolution
		HideSolutionNode = FALSE
	EndGlobalSection
	GlobalSection(ExtensibilityGlobals) = postSolution
		SolutionGuid = {68D2B0DC-9667-413D-9555-310ACB4C5229}
	EndGlobalSection
EndGlobal
